
Microsoft Visual Studio Solution File, Format Version 12.00
# Visual Studio Version 17
VisualStudioVersion = 17.11.35222.181
MinimumVisualStudioVersion = 10.0.40219.1
Project("{F184B08F-C81C-45F6-A57F-5ABD9991F28F}") = "COLORGAME", "COLORGAME\COLORGAME.vbproj", "{EEBB3476-1572-4A17-B3F7-F7FCC4078862}"
EndProject
Global
	GlobalSection(SolutionConfigurationPlatforms) = preSolution
		Debug|Any CPU = Debug|Any CPU
		Release|Any CPU = Release|Any CPU
	EndGlobalSection
	GlobalSection(ProjectConfigurationPlatforms) = postSolution
		{EEBB3476-1572-4A17-B3F7-F7FCC4078862}.Debug|Any CPU.ActiveCfg = Debug|Any CPU
		{EEBB3476-1572-4A17-B3F7-F7FCC4078862}.Debug|Any CPU.Build.0 = Debug|Any CPU
		{EEBB3476-1572-4A17-B3F7-F7FCC4078862}.Release|Any CPU.ActiveCfg = Release|Any CPU
		{EEBB3476-1572-4A17-B3F7-F7FCC4078862}.Release|Any CPU.Build.0 = Release|Any CPU
	EndGlobalSection
	GlobalSection(SolutionProperties) = preSolution
		HideSolutionNode = FALSE
	EndGlobalSection
	GlobalSection(ExtensibilityGlobals) = postSolution
		SolutionGuid = {454AD11B-0D5D-4D19-B10C-4AEFD03D940A}
	EndGlobalSection
EndGlobal
